
Microsoft Visual Studio Solution File, Format Version 12.00
# Visual Studio 2012
Project("{FAE04EC0-301F-11D3-BF4B-00C04F79EFBC}") = "FragmentComponent", "FragmentComponent\FragmentComponent.csproj", "{BAD26A79-E4C7-41A0-9D29-05E80F94266A}"
EndProject
Project("{FAE04EC0-301F-11D3-BF4B-00C04F79EFBC}") = "FragmentComponent.Droid", "Droid\FragmentComponent.Droid.csproj", "{DE045935-5A83-4D77-BEEB-7DF006B1D15F}"
EndProject
Project("{FAE04EC0-301F-11D3-BF4B-00C04F79EFBC}") = "FragmentComponent.iOS", "iOS\FragmentComponent.iOS.csproj", "{75D9A12F-A36C-4A3D-A7E5-2331C10A4960}"
EndProject
Global
	GlobalSection(SolutionConfigurationPlatforms) = preSolution
		Debug|Any CPU = Debug|Any CPU
		Release|Any CPU = Release|Any CPU
		Debug|iPhoneSimulator = Debug|iPhoneSimulator
		Release|iPhone = Release|iPhone
		Release|iPhoneSimulator = Release|iPhoneSimulator
		Debug|iPhone = Debug|iPhone
	EndGlobalSection
	GlobalSection(ProjectConfigurationPlatforms) = postSolution
		{BAD26A79-E4C7-41A0-9D29-05E80F94266A}.Debug|Any CPU.ActiveCfg = Debug|Any CPU
		{BAD26A79-E4C7-41A0-9D29-05E80F94266A}.Debug|Any CPU.Build.0 = Debug|Any CPU
		{BAD26A79-E4C7-41A0-9D29-05E80F94266A}.Release|Any CPU.ActiveCfg = Release|Any CPU
		{BAD26A79-E4C7-41A0-9D29-05E80F94266A}.Release|Any CPU.Build.0 = Release|Any CPU
		{BAD26A79-E4C7-41A0-9D29-05E80F94266A}.Debug|iPhoneSimulator.ActiveCfg = Debug|Any CPU
		{BAD26A79-E4C7-41A0-9D29-05E80F94266A}.Debug|iPhoneSimulator.Build.0 = Debug|Any CPU
		{BAD26A79-E4C7-41A0-9D29-05E80F94266A}.Release|iPhone.ActiveCfg = Release|Any CPU
		{BAD26A79-E4C7-41A0-9D29-05E80F94266A}.Release|iPhone.Build.0 = Release|Any CPU
		{BAD26A79-E4C7-41A0-9D29-05E80F94266A}.Release|iPhoneSimulator.ActiveCfg = Release|Any CPU
		{BAD26A79-E4C7-41A0-9D29-05E80F94266A}.Release|iPhoneSimulator.Build.0 = Release|Any CPU
		{BAD26A79-E4C7-41A0-9D29-05E80F94266A}.Debug|iPhone.ActiveCfg = Debug|Any CPU
		{BAD26A79-E4C7-41A0-9D29-05E80F94266A}.Debug|iPhone.Build.0 = Debug|Any CPU
		{DE045935-5A83-4D77-BEEB-7DF006B1D15F}.Debug|Any CPU.ActiveCfg = Debug|Any CPU
		{DE045935-5A83-4D77-BEEB-7DF006B1D15F}.Debug|Any CPU.Build.0 = Debug|Any CPU
		{DE045935-5A83-4D77-BEEB-7DF006B1D15F}.Release|Any CPU.ActiveCfg = Release|Any CPU
		{DE045935-5A83-4D77-BEEB-7DF006B1D15F}.Release|Any CPU.Build.0 = Release|Any CPU
		{DE045935-5A83-4D77-BEEB-7DF006B1D15F}.Debug|iPhoneSimulator.ActiveCfg = Debug|Any CPU
		{DE045935-5A83-4D77-BEEB-7DF006B1D15F}.Debug|iPhoneSimulator.Build.0 = Debug|Any CPU
		{DE045935-5A83-4D77-BEEB-7DF006B1D15F}.Release|iPhone.ActiveCfg = Release|Any CPU
		{DE045935-5A83-4D77-BEEB-7DF006B1D15F}.Release|iPhone.Build.0 = Release|Any CPU
		{DE045935-5A83-4D77-BEEB-7DF006B1D15F}.Release|iPhoneSimulator.ActiveCfg = Release|Any CPU
		{DE045935-5A83-4D77-BEEB-7DF006B1D15F}.Release|iPhoneSimulator.Build.0 = Release|Any CPU
		{DE045935-5A83-4D77-BEEB-7DF006B1D15F}.Debug|iPhone.ActiveCfg = Debug|Any CPU
		{DE045935-5A83-4D77-BEEB-7DF006B1D15F}.Debug|iPhone.Build.0 = Debug|Any CPU
		{75D9A12F-A36C-4A3D-A7E5-2331C10A4960}.Debug|Any CPU.ActiveCfg = Debug|iPhoneSimulator
		{75D9A12F-A36C-4A3D-A7E5-2331C10A4960}.Debug|Any CPU.Build.0 = Debug|iPhoneSimulator
		{75D9A12F-A36C-4A3D-A7E5-2331C10A4960}.Release|Any CPU.ActiveCfg = Release|iPhone
		{75D9A12F-A36C-4A3D-A7E5-2331C10A4960}.Release|Any CPU.Build.0 = Release|iPhone
		{75D9A12F-A36C-4A3D-A7E5-2331C10A4960}.Debug|iPhoneSimulator.ActiveCfg = Debug|iPhoneSimulator
		{75D9A12F-A36C-4A3D-A7E5-2331C10A4960}.Debug|iPhoneSimulator.Build.0 = Debug|iPhoneSimulator
		{75D9A12F-A36C-4A3D-A7E5-2331C10A4960}.Release|iPhone.ActiveCfg = Release|iPhone
		{75D9A12F-A36C-4A3D-A7E5-2331C10A4960}.Release|iPhone.Build.0 = Release|iPhone
		{75D9A12F-A36C-4A3D-A7E5-2331C10A4960}.Release|iPhoneSimulator.ActiveCfg = Release|iPhoneSimulator
		{75D9A12F-A36C-4A3D-A7E5-2331C10A4960}.Release|iPhoneSimulator.Build.0 = Release|iPhoneSimulator
		{75D9A12F-A36C-4A3D-A7E5-2331C10A4960}.Debug|iPhone.ActiveCfg = Debug|iPhone
		{75D9A12F-A36C-4A3D-A7E5-2331C10A4960}.Debug|iPhone.Build.0 = Debug|iPhone
	EndGlobalSection
EndGlobal
